
Microsoft Visual Studio Solution File, Format Version 12.00
# Visual Studio 15
VisualStudioVersion = 15.0.27703.2035
MinimumVisualStudioVersion = 10.0.40219.1
Project("{930C7802-8A8C-48F9-8165-68863BCCD9DD}") = "TarantoolODBCDriverInstaller", "TarantoolODBCDriverInstaller\TarantoolODBCDriverInstaller.wixproj", "{FBFFD24B-1003-45E9-A6FD-A5038620CFA1}"
EndProject
Global
	GlobalSection(SolutionConfigurationPlatforms) = preSolution
		Debug|x64 = Debug|x64
		Debug|x86 = Debug|x86
		Release|x64 = Release|x64
		Release|x86 = Release|x86
	EndGlobalSection
	GlobalSection(ProjectConfigurationPlatforms) = postSolution
		{FBFFD24B-1003-45E9-A6FD-A5038620CFA1}.Debug|x64.ActiveCfg = Debug|x64
		{FBFFD24B-1003-45E9-A6FD-A5038620CFA1}.Debug|x64.Build.0 = Debug|x64
		{FBFFD24B-1003-45E9-A6FD-A5038620CFA1}.Debug|x86.ActiveCfg = Debug|x86
		{FBFFD24B-1003-45E9-A6FD-A5038620CFA1}.Debug|x86.Build.0 = Debug|x86
		{FBFFD24B-1003-45E9-A6FD-A5038620CFA1}.Release|x64.ActiveCfg = Release|x86
		{FBFFD24B-1003-45E9-A6FD-A5038620CFA1}.Release|x86.ActiveCfg = Release|x86
		{FBFFD24B-1003-45E9-A6FD-A5038620CFA1}.Release|x86.Build.0 = Release|x86
	EndGlobalSection
	GlobalSection(SolutionProperties) = preSolution
		HideSolutionNode = FALSE
	EndGlobalSection
	GlobalSection(ExtensibilityGlobals) = postSolution
		SolutionGuid = {3C88A7C7-4F5F-4FAC-A24B-2BD1E4C71D78}
	EndGlobalSection
EndGlobal
